
Microsoft Visual Studio Solution File, Format Version 12.00
# Visual Studio Version 17
VisualStudioVersion = 17.10.35027.167
MinimumVisualStudioVersion = 10.0.40219.1
Project("{9A19103F-16F7-4668-BE54-9A1E7A4F7556}") = "AT5", "AT5.csproj", "{181BBF0B-30C2-4DB3-93A4-906B65EBFDD2}"
EndProject
Global
	GlobalSection(SolutionConfigurationPlatforms) = preSolution
		Debug|Any CPU = Debug|Any CPU
		Release|Any CPU = Release|Any CPU
	EndGlobalSection
	GlobalSection(ProjectConfigurationPlatforms) = postSolution
		{181BBF0B-30C2-4DB3-93A4-906B65EBFDD2}.Debug|Any CPU.ActiveCfg = Debug|Any CPU
		{181BBF0B-30C2-4DB3-93A4-906B65EBFDD2}.Debug|Any CPU.Build.0 = Debug|Any CPU
		{181BBF0B-30C2-4DB3-93A4-906B65EBFDD2}.Release|Any CPU.ActiveCfg = Release|Any CPU
		{181BBF0B-30C2-4DB3-93A4-906B65EBFDD2}.Release|Any CPU.Build.0 = Release|Any CPU
	EndGlobalSection
	GlobalSection(SolutionProperties) = preSolution
		HideSolutionNode = FALSE
	EndGlobalSection
	GlobalSection(ExtensibilityGlobals) = postSolution
		SolutionGuid = {C7682134-106F-4603-8801-AB8C1B97E01B}
	EndGlobalSection
EndGlobal
